<?xml version="1.0" encoding="utf-8"?>
<Project ToolsVersion="4.0" xmlns="http://schemas.microsoft.com/developer/msbuild/2003">
  <ItemGroup>
    <Filter Include="Source Files">
      <UniqueIdentifier>{7e066212-352c-434c-9857-7506ce7b3720}</UniqueIdentifier>
      <Extensions>cpp;c;cxx;def;odl;idl;hpj;bat;asm</Extensions>
    </Filter>
    <Filter Include="Header Files">
      <UniqueIdentifier>{0b079b79-5d5d-46ed-8aa2-c5675d715ce8}</UniqueIdentifier>
      <Extensions>h;hpp;hxx;hm;inl;inc</Extensions>
    </Filter>
    <Filter Include="Resource Files">
      <UniqueIdentifier>{505d8d79-0516-4604-aa3c-2cb8997dbd99}</UniqueIdentifier>
      <Extensions>rc;ico;cur;bmp;dlg;rc2;rct;bin;rgs;jpg;jpeg;jpe;manifest</Extensions>
    </Filter>
    <Filter Include="Tab">
      <UniqueIdentifier>{3f10062c-0256-4808-98fd-d1c1f864ddc0}</UniqueIdentifier>
    </Filter>
  </ItemGroup>
  <ItemGroup>
    <ClCompile Include="stdafx.cpp">
      <Filter>Source Files</Filter>
    </ClCompile>
    <ClCompile Include="MainFrm.cpp">
      <Filter>Source Files</Filter>
    </ClCompile>
    <ClCompile Include="main.cpp">
      <Filter>Source Files</Filter>
    </ClCompile>
    <ClCompile Include="FrameManager.cpp">
      <Filter>Source Files</Filter>
    </ClCompile>
    <ClCompile Include="WebPage.cpp">
      <Filter>Tab</Filter>
    </ClCompile>
    <ClCompile Include="TabManager.cpp">
      <Filter>Tab</Filter>
    </ClCompile>
    <ClCompile Include="TabIPCWindow.cpp">
      <Filter>Tab</Filter>
    </ClCompile>
    <ClCompile Include="WebPageObj.cpp">
      <Filter>Source Files</Filter>
    </ClCompile>
  </ItemGroup>
  <ItemGroup>
    <ClInclude Include="stdafx.h">
      <Filter>Header Files</Filter>
    </ClInclude>
    <ClInclude Include="MainFrm.h">
      <Filter>Header Files</Filter>
    </ClInclude>
    <ClInclude Include="AboutDlg.h">
      <Filter>Header Files</Filter>
    </ClInclude>
    <ClInclude Include="resource.h">
      <Filter>Header Files</Filter>
    </ClInclude>
    <ClInclude Include="FrameManager.h">
      <Filter>Header Files</Filter>
    </ClInclude>
    <ClInclude Include="TabIPCWindow.h">
      <Filter>Tab</Filter>
    </ClInclude>
    <ClInclude Include="TabManager.h">
      <Filter>Tab</Filter>
    </ClInclude>
    <ClInclude Include="TabProcessConst.h">
      <Filter>Tab</Filter>
    </ClInclude>
    <ClInclude Include="WebPage.h">
      <Filter>Tab</Filter>
    </ClInclude>
    <ClInclude Include="WebPageObj.h">
      <Filter>Header Files</Filter>
    </ClInclude>
  </ItemGroup>
  <ItemGroup>
    <ResourceCompile Include="BrowserDemo.rc">
      <Filter>Resource Files</Filter>
    </ResourceCompile>
  </ItemGroup>
  <ItemGroup>
    <None Include="res\toolbar.bmp">
      <Filter>Resource Files</Filter>
    </None>
    <None Include="res\BrowserDemo.ico">
      <Filter>Resource Files</Filter>
    </None>
  </ItemGroup>
</Project>